// !$*UTF8*$!
{
	archiveVersion = 1;
	classes = {
	};
	objectVersion = 55;
	objects = {

/* Begin PBXBuildFile section */
		5656034927B57D4000B8029A /* AppDelegate.swift in Sources */ = {isa = PBXBuildFile; fileRef = 5656034827B57D4000B8029A /* AppDelegate.swift */; };
		5656034B27B57D4000B8029A /* SceneDelegate.swift in Sources */ = {isa = PBXBuildFile; fileRef = 5656034A27B57D4000B8029A /* SceneDelegate.swift */; };
		5656034D27B57D4000B8029A /* ViewController.swift in Sources */ = {isa = PBXBuildFile; fileRef = 5656034C27B57D4000B8029A /* ViewController.swift */; };
		5656035027B57D4000B8029A /* Main.storyboard in Resources */ = {isa = PBXBuildFile; fileRef = 5656034E27B57D4000B8029A /* Main.storyboard */; };
		5656035227B57D4200B8029A /* Assets.xcassets in Resources */ = {isa = PBXBuildFile; fileRef = 5656035127B57D4200B8029A /* Assets.xcassets */; };
		5656035527B57D4200B8029A /* LaunchScreen.storyboard in Resources */ = {isa = PBXBuildFile; fileRef = 5656035327B57D4200B8029A /* LaunchScreen.storyboard */; };
		5656036027B57D4200B8029A /* DisplayAppTests.swift in Sources */ = {isa = PBXBuildFile; fileRef = 5656035F27B57D4200B8029A /* DisplayAppTests.swift */; };
		5656036A27B57D4200B8029A /* DisplayAppUITests.swift in Sources */ = {isa = PBXBuildFile; fileRef = 5656036927B57D4200B8029A /* DisplayAppUITests.swift */; };
		5656036C27B57D4200B8029A /* DisplayAppUITestsLaunchTests.swift in Sources */ = {isa = PBXBuildFile; fileRef = 5656036B27B57D4200B8029A /* DisplayAppUITestsLaunchTests.swift */; };
/* End PBXBuildFile section */

/* Begin PBXContainerItemProxy section */
		5656035C27B57D4200B8029A /* PBXContainerItemProxy */ = {
			isa = PBXContainerItemProxy;
			containerPortal = 5656033D27B57D4000B8029A /* Project object */;
			proxyType = 1;
			remoteGlobalIDString = 5656034427B57D4000B8029A;
			remoteInfo = DisplayApp;
		};
		5656036627B57D4200B8029A /* PBXContainerItemProxy */ = {
			isa = PBXContainerItemProxy;
			containerPortal = 5656033D27B57D4000B8029A /* Project object */;
			proxyType = 1;
			remoteGlobalIDString = 5656034427B57D4000B8029A;
			remoteInfo = DisplayApp;
		};
/* End PBXContainerItemProxy section */

/* Begin PBXFileReference section */
		5656034527B57D4000B8029A /* DisplayApp.app */ = {isa = PBXFileReference; explicitFileType = wrapper.application; includeInIndex = 0; path = DisplayApp.app; sourceTree = BUILT_PRODUCTS_DIR; };
		5656034827B57D4000B8029A /* AppDelegate.swift */ = {isa = PBXFileReference; lastKnownFileType = sourcecode.swift; path = AppDelegate.swift; sourceTree = "<group>"; };
		5656034A27B57D4000B8029A /* SceneDelegate.swift */ = {isa = PBXFileReference; lastKnownFileType = sourcecode.swift; path = SceneDelegate.swift; sourceTree = "<group>"; };
		5656034C27B57D4000B8029A /* ViewController.swift */ = {isa = PBXFileReference; lastKnownFileType = sourcecode.swift; path = ViewController.swift; sourceTree = "<group>"; };
		5656034F27B57D4000B8029A /* Base */ = {isa = PBXFileReference; lastKnownFileType = file.storyboard; name = Base; path = Base.lproj/Main.storyboard; sourceTree = "<group>"; };
		5656035127B57D4200B8029A /* Assets.xcassets */ = {isa = PBXFileReference; lastKnownFileType = folder.assetcatalog; path = Assets.xcassets; sourceTree = "<group>"; };
		5656035427B57D4200B8029A /* Base */ = {isa = PBXFileReference; lastKnownFileType = file.storyboard; name = Base; path = Base.lproj/LaunchScreen.storyboard; sourceTree = "<group>"; };
		5656035627B57D4200B8029A /* Info.plist */ = {isa = PBXFileReference; lastKnownFileType = text.plist.xml; path = Info.plist; sourceTree = "<group>"; };
		5656035B27B57D4200B8029A /* DisplayAppTests.xctest */ = {isa = PBXFileReference; explicitFileType = wrapper.cfbundle; includeInIndex = 0; path = DisplayAppTests.xctest; sourceTree = BUILT_PRODUCTS_DIR; };
		5656035F27B57D4200B8029A /* DisplayAppTests.swift */ = {isa = PBXFileReference; lastKnownFileType = sourcecode.swift; path = DisplayAppTests.swift; sourceTree = "<group>"; };
		5656036527B57D4200B8029A /* DisplayAppUITests.xctest */ = {isa = PBXFileReference; explicitFileType = wrapper.cfbundle; includeInIndex = 0; path = DisplayAppUITests.xctest; sourceTree = BUILT_PRODUCTS_DIR; };
		5656036927B57D4200B8029A /* DisplayAppUITests.swift */ = {isa = PBXFileReference; lastKnownFileType = sourcecode.swift; path = DisplayAppUITests.swift; sourceTree = "<group>"; };
		5656036B27B57D4200B8029A /* DisplayAppUITestsLaunchTests.swift */ = {isa = PBXFileReference; lastKnownFileType = sourcecode.swift; path = DisplayAppUITestsLaunchTests.swift; sourceTree = "<group>"; };
/* End PBXFileReference section */

/* Begin PBXFrameworksBuildPhase section */
		5656034227B57D4000B8029A /* Frameworks */ = {
			isa = PBXFrameworksBuildPhase;
			buildActionMask = 2147483647;
			files = (
			);
			runOnlyForDeploymentPostprocessing = 0;
		};
		5656035827B57D4200B8029A /* Frameworks */ = {
			isa = PBXFrameworksBuildPhase;
			buildActionMask = 2147483647;
			files = (
			);
			runOnlyForDeploymentPostprocessing = 0;
		};
		5656036227B57D4200B8029A /* Frameworks */ = {
			isa = PBXFrameworksBuildPhase;
			buildActionMask = 2147483647;
			files = (
			);
			runOnlyForDeploymentPostprocessing = 0;
		};
/* End PBXFrameworksBuildPhase section */

/* Begin PBXGroup section */
		5656033C27B57D4000B8029A = {
			isa = PBXGroup;
			children = (
				5656034727B57D4000B8029A /* DisplayApp */,
				5656035E27B57D4200B8029A /* DisplayAppTests */,
				5656036827B57D4200B8029A /* DisplayAppUITests */,
				5656034627B57D4000B8029A /* Products */,
			);
			sourceTree = "<group>";
		};
		5656034627B57D4000B8029A /* Products */ = {
			isa = PBXGroup;
			children = (
				5656034527B57D4000B8029A /* DisplayApp.app */,
				5656035B27B57D4200B8029A /* DisplayAppTests.xctest */,
				5656036527B57D4200B8029A /* DisplayAppUITests.xctest */,
			);
			name = Products;
			sourceTree = "<group>";
		};
		5656034727B57D4000B8029A /* DisplayApp */ = {
			isa = PBXGroup;
			children = (
				5656034827B57D4000B8029A /* AppDelegate.swift */,
				5656034A27B57D4000B8029A /* SceneDelegate.swift */,
				5656034C27B57D4000B8029A /* ViewController.swift */,
				5656034E27B57D4000B8029A /* Main.storyboard */,
				5656035127B57D4200B8029A /* Assets.xcassets */,
				5656035327B57D4200B8029A /* LaunchScreen.storyboard */,
				5656035627B57D4200B8029A /* Info.plist */,
			);
			path = DisplayApp;
			sourceTree = "<group>";
		};
		5656035E27B57D4200B8029A /* DisplayAppTests */ = {
			isa = PBXGroup;
			children = (
				5656035F27B57D4200B8029A /* DisplayAppTests.swift */,
			);
			path = DisplayAppTests;
			sourceTree = "<group>";
		};
		5656036827B57D4200B8029A /* DisplayAppUITests */ = {
			isa = PBXGroup;
			children = (
				5656036927B57D4200B8029A /* DisplayAppUITests.swift */,
				5656036B27B57D4200B8029A /* DisplayAppUITestsLaunchTests.swift */,
			);
			path = DisplayAppUITests;
			sourceTree = "<group>";
		};
/* End PBXGroup section */

/* Begin PBXNativeTarget section */
		5656034427B57D4000B8029A /* DisplayApp */ = {
			isa = PBXNativeTarget;
			buildConfigurationList = 5656036F27B57D4200B8029A /* Build configuration list for PBXNativeTarget "DisplayApp" */;
			buildPhases = (
				5656034127B57D4000B8029A /* Sources */,
				5656034227B57D4000B8029A /* Frameworks */,
				5656034327B57D4000B8029A /* Resources */,
			);
			buildRules = (
			);
			dependencies = (
			);
			name = DisplayApp;
			productName = DisplayApp;
			productReference = 5656034527B57D4000B8029A /* DisplayApp.app */;
			productType = "com.apple.product-type.application";
		};
		5656035A27B57D4200B8029A /* DisplayAppTests */ = {
			isa = PBXNativeTarget;
			buildConfigurationList = 5656037227B57D4200B8029A /* Build configuration list for PBXNativeTarget "DisplayAppTests" */;
			buildPhases = (
				5656035727B57D4200B8029A /* Sources */,
				5656035827B57D4200B8029A /* Frameworks */,
				5656035927B57D4200B8029A /* Resources */,
			);
			buildRules = (
			);
			dependencies = (
				5656035D27B57D4200B8029A /* PBXTargetDependency */,
			);
			name = DisplayAppTests;
			productName = DisplayAppTests;
			productReference = 5656035B27B57D4200B8029A /* DisplayAppTests.xctest */;
			productType = "com.apple.product-type.bundle.unit-test";
		};
		5656036427B57D4200B8029A /* DisplayAppUITests */ = {
			isa = PBXNativeTarget;
			buildConfigurationList = 5656037527B57D4200B8029A /* Build configuration list for PBXNativeTarget "DisplayAppUITests" */;
			buildPhases = (
				5656036127B57D4200B8029A /* Sources */,
				5656036227B57D4200B8029A /* Frameworks */,
				5656036327B57D4200B8029A /* Resources */,
			);
			buildRules = (
			);
			dependencies = (
				5656036727B57D4200B8029A /* PBXTargetDependency */,
			);
			name = DisplayAppUITests;
			productName = DisplayAppUITests;
			productReference = 5656036527B57D4200B8029A /* DisplayAppUITests.xctest */;
			productType = "com.apple.product-type.bundle.ui-testing";
		};
/* End PBXNativeTarget section */

/* Begin PBXProject section */
		5656033D27B57D4000B8029A /* Project object */ = {
			isa = PBXProject;
			attributes = {
				BuildIndependentTargetsInParallel = 1;
				LastSwiftUpdateCheck = 1320;
				LastUpgradeCheck = 1320;
				TargetAttributes = {
					5656034427B57D4000B8029A = {
						CreatedOnToolsVersion = 13.2.1;
					};
					5656035A27B57D4200B8029A = {
						CreatedOnToolsVersion = 13.2.1;
						TestTargetID = 5656034427B57D4000B8029A;
					};
					5656036427B57D4200B8029A = {
						CreatedOnToolsVersion = 13.2.1;
						TestTargetID = 5656034427B57D4000B8029A;
					};
				};
			};
			buildConfigurationList = 5656034027B57D4000B8029A /* Build configuration list for PBXProject "DisplayApp" */;
			compatibilityVersion = "Xcode 13.0";
			developmentRegion = en;
			hasScannedForEncodings = 0;
			knownRegions = (
				en,
				Base,
			);
			mainGroup = 5656033C27B57D4000B8029A;
			productRefGroup = 5656034627B57D4000B8029A /* Products */;
			projectDirPath = "";
			projectRoot = "";
			targets = (
				5656034427B57D4000B8029A /* DisplayApp */,
				5656035A27B57D4200B8029A /* DisplayAppTests */,
				5656036427B57D4200B8029A /* DisplayAppUITests */,
			);
		};
/* End PBXProject section */

/* Begin PBXResourcesBuildPhase section */
		5656034327B57D4000B8029A /* Resources */ = {
			isa = PBXResourcesBuildPhase;
			buildActionMask = 2147483647;
			files = (
				5656035527B57D4200B8029A /* LaunchScreen.storyboard in Resources */,
				5656035227B57D4200B8029A /* Assets.xcassets in Resources */,
				5656035027B57D4000B8029A /* Main.storyboard in Resources */,
			);
			runOnlyForDeploymentPostprocessing = 0;
		};
		5656035927B57D4200B8029A /* Resources */ = {
			isa = PBXResourcesBuildPhase;
			buildActionMask = 2147483647;
			files = (
			);
			runOnlyForDeploymentPostprocessing = 0;
		};
		5656036327B57D4200B8029A /* Resources */ = {
			isa = PBXResourcesBuildPhase;
			buildActionMask = 2147483647;
			files = (
			);
			runOnlyForDeploymentPostprocessing = 0;
		};
/* End PBXResourcesBuildPhase section */

/* Begin PBXSourcesBuildPhase section */
		5656034127B57D4000B8029A /* Sources */ = {
			isa = PBXSourcesBuildPhase;
			buildActionMask = 2147483647;
			files = (
				5656034D27B57D4000B8029A /* ViewController.swift in Sources */,
				5656034927B57D4000B8029A /* AppDelegate.swift in Sources */,
				5656034B27B57D4000B8029A /* SceneDelegate.swift in Sources */,
			);
			runOnlyForDeploymentPostprocessing = 0;
		};
		5656035727B57D4200B8029A /* Sources */ = {
			isa = PBXSourcesBuildPhase;
			buildActionMask = 2147483647;
			files = (
				5656036027B57D4200B8029A /* DisplayAppTests.swift in Sources */,
			);
			runOnlyForDeploymentPostprocessing = 0;
		};
		5656036127B57D4200B8029A /* Sources */ = {
			isa = PBXSourcesBuildPhase;
			buildActionMask = 2147483647;
			files = (
				5656036A27B57D4200B8029A /* DisplayAppUITests.swift in Sources */,
				5656036C27B57D4200B8029A /* DisplayAppUITestsLaunchTests.swift in Sources */,
			);
			runOnlyForDeploymentPostprocessing = 0;
		};
/* End PBXSourcesBuildPhase section */

/* Begin PBXTargetDependency section */
		5656035D27B57D4200B8029A /* PBXTargetDependency */ = {
			isa = PBXTargetDependency;
			target = 5656034427B57D4000B8029A /* DisplayApp */;
			targetProxy = 5656035C27B57D4200B8029A /* PBXContainerItemProxy */;
		};
		5656036727B57D4200B8029A /* PBXTargetDependency */ = {
			isa = PBXTargetDependency;
			target = 5656034427B57D4000B8029A /* DisplayApp */;
			targetProxy = 5656036627B57D4200B8029A /* PBXContainerItemProxy */;
		};
/* End PBXTargetDependency section */

/* Begin PBXVariantGroup section */
		5656034E27B57D4000B8029A /* Main.storyboard */ = {
			isa = PBXVariantGroup;
			children = (
				5656034F27B57D4000B8029A /* Base */,
			);
			name = Main.storyboard;
			sourceTree = "<group>";
		};
		5656035327B57D4200B8029A /* LaunchScreen.storyboard */ = {
			isa = PBXVariantGroup;
			children = (
				5656035427B57D4200B8029A /* Base */,
			);
			name = LaunchScreen.storyboard;
			sourceTree = "<group>";
		};
/* End PBXVariantGroup section */

/* Begin XCBuildConfiguration section */
		5656036D27B57D4200B8029A /* Debug */ = {
			isa = XCBuildConfiguration;
			buildSettings = {
				ALWAYS_SEARCH_USER_PATHS = NO;
				CLANG_ANALYZER_NONNULL = YES;
				CLANG_ANALYZER_NUMBER_OBJECT_CONVERSION = YES_AGGRESSIVE;
				CLANG_CXX_LANGUAGE_STANDARD = "gnu++17";
				CLANG_CXX_LIBRARY = "libc++";
				CLANG_ENABLE_MODULES = YES;
				CLANG_ENABLE_OBJC_ARC = YES;
				CLANG_ENABLE_OBJC_WEAK = YES;
				CLANG_WARN_BLOCK_CAPTURE_AUTORELEASING = YES;
				CLANG_WARN_BOOL_CONVERSION = YES;
				CLANG_WARN_COMMA = YES;
				CLANG_WARN_CONSTANT_CONVERSION = YES;
				CLANG_WARN_DEPRECATED_OBJC_IMPLEMENTATIONS = YES;
				CLANG_WARN_DIRECT_OBJC_ISA_USAGE = YES_ERROR;
				CLANG_WARN_DOCUMENTATION_COMMENTS = YES;
				CLANG_WARN_EMPTY_BODY = YES;
				CLANG_WARN_ENUM_CONVERSION = YES;
				CLANG_WARN_INFINITE_RECURSION = YES;
				CLANG_WARN_INT_CONVERSION = YES;
				CLANG_WARN_NON_LITERAL_NULL_CONVERSION = YES;
				CLANG_WARN_OBJC_IMPLICIT_RETAIN_SELF = YES;
				CLANG_WARN_OBJC_LITERAL_CONVERSION = YES;
				CLANG_WARN_OBJC_ROOT_CLASS = YES_ERROR;
				CLANG_WARN_QUOTED_INCLUDE_IN_FRAMEWORK_HEADER = YES;
				CLANG_WARN_RANGE_LOOP_ANALYSIS = YES;
				CLANG_WARN_STRICT_PROTOTYPES = YES;
				CLANG_WARN_SUSPICIOUS_MOVE = YES;
				CLANG_WARN_UNGUARDED_AVAILABILITY = YES_AGGRESSIVE;
				CLANG_WARN_UNREACHABLE_CODE = YES;
				CLANG_WARN__DUPLICATE_METHOD_MATCH = YES;
				COPY_PHASE_STRIP = NO;
				DEBUG_INFORMATION_FORMAT = dwarf;
				ENABLE_STRICT_OBJC_MSGSEND = YES;
				ENABLE_TESTABILITY = YES;
				GCC_C_LANGUAGE_STANDARD = gnu11;
				GCC_DYNAMIC_NO_PIC = NO;
				GCC_NO_COMMON_BLOCKS = YES;
				GCC_OPTIMIZATION_LEVEL = 0;
				GCC_PREPROCESSOR_DEFINITIONS = (
					"DEBUG=1",
					"$(inherited)",
				);
				GCC_WARN_64_TO_32_BIT_CONVERSION = YES;
				GCC_WARN_ABOUT_RETURN_TYPE = YES_ERROR;
				GCC_WARN_UNDECLARED_SELECTOR = YES;
				GCC_WARN_UNINITIALIZED_AUTOS = YES_AGGRESSIVE;
				GCC_WARN_UNUSED_FUNCTION = YES;
				GCC_WARN_UNUSED_VARIABLE = YES;
				IPHONEOS_DEPLOYMENT_TARGET = 15.2;
				MTL_ENABLE_DEBUG_INFO = INCLUDE_SOURCE;
				MTL_FAST_MATH = YES;
				ONLY_ACTIVE_ARCH = YES;
				SDKROOT = iphoneos;
				SWIFT_ACTIVE_COMPILATION_CONDITIONS = DEBUG;
				SWIFT_OPTIMIZATION_LEVEL = "-Onone";
			};
			name = Debug;
		};
		5656036E27B57D4200B8029A /* Release */ = {
			isa = XCBuildConfiguration;
			buildSettings = {
				ALWAYS_SEARCH_USER_PATHS = NO;
				CLANG_ANALYZER_NONNULL = YES;
				CLANG_ANALYZER_NUMBER_OBJECT_CONVERSION = YES_AGGRESSIVE;
				CLANG_CXX_LANGUAGE_STANDARD = "gnu++17";
				CLANG_CXX_LIBRARY = "libc++";
				CLANG_ENABLE_MODULES = YES;
				CLANG_ENABLE_OBJC_ARC = YES;
				CLANG_ENABLE_OBJC_WEAK = YES;
				CLANG_WARN_BLOCK_CAPTURE_AUTORELEASING = YES;
				CLANG_WARN_BOOL_CONVERSION = YES;
				CLANG_WARN_COMMA = YES;
				CLANG_WARN_CONSTANT_CONVERSION = YES;
				CLANG_WARN_DEPRECATED_OBJC_IMPLEMENTATIONS = YES;
				CLANG_WARN_DIRECT_OBJC_ISA_USAGE = YES_ERROR;
				CLANG_WARN_DOCUMENTATION_COMMENTS = YES;
				CLANG_WARN_EMPTY_BODY = YES;
				CLANG_WARN_ENUM_CONVERSION = YES;
				CLANG_WARN_INFINITE_RECURSION = YES;
				CLANG_WARN_INT_CONVERSION = YES;
				CLANG_WARN_NON_LITERAL_NULL_CONVERSION = YES;
				CLANG_WARN_OBJC_IMPLICIT_RETAIN_SELF = YES;
				CLANG_WARN_OBJC_LITERAL_CONVERSION = YES;
				CLANG_WARN_OBJC_ROOT_CLASS = YES_ERROR;
				CLANG_WARN_QUOTED_INCLUDE_IN_FRAMEWORK_HEADER = YES;
				CLANG_WARN_RANGE_LOOP_ANALYSIS = YES;
				CLANG_WARN_STRICT_PROTOTYPES = YES;
				CLANG_WARN_SUSPICIOUS_MOVE = YES;
				CLANG_WARN_UNGUARDED_AVAILABILITY = YES_AGGRESSIVE;
				CLANG_WARN_UNREACHABLE_CODE = YES;
				CLANG_WARN__DUPLICATE_METHOD_MATCH = YES;
				COPY_PHASE_STRIP = NO;
				DEBUG_INFORMATION_FORMAT = "dwarf-with-dsym";
				ENABLE_NS_ASSERTIONS = NO;
				ENABLE_STRICT_OBJC_MSGSEND = YES;
				GCC_C_LANGUAGE_STANDARD = gnu11;
				GCC_NO_COMMON_BLOCKS = YES;
				GCC_WARN_64_TO_32_BIT_CONVERSION = YES;
				GCC_WARN_ABOUT_RETURN_TYPE = YES_ERROR;
				GCC_WARN_UNDECLARED_SELECTOR = YES;
				GCC_WARN_UNINITIALIZED_AUTOS = YES_AGGRESSIVE;
				GCC_WARN_UNUSED_FUNCTION = YES;
				GCC_WARN_UNUSED_VARIABLE = YES;
				IPHONEOS_DEPLOYMENT_TARGET = 15.2;
				MTL_ENABLE_DEBUG_INFO = NO;
				MTL_FAST_MATH = YES;
				SDKROOT = iphoneos;
				SWIFT_COMPILATION_MODE = wholemodule;
				SWIFT_OPTIMIZATION_LEVEL = "-O";
				VALIDATE_PRODUCT = YES;
			};
			name = Release;
		};
		5656037027B57D4200B8029A /* Debug */ = {
			isa = XCBuildConfiguration;
			buildSettings = {
				ASSETCATALOG_COMPILER_APPICON_NAME = AppIcon;
				ASSETCATALOG_COMPILER_GLOBAL_ACCENT_COLOR_NAME = AccentColor;
				CODE_SIGN_STYLE = Automatic;
				CURRENT_PROJECT_VERSION = 1;
				GENERATE_INFOPLIST_FILE = YES;
				INFOPLIST_FILE = DisplayApp/Info.plist;
				INFOPLIST_KEY_UIApplicationSupportsIndirectInputEvents = YES;
				INFOPLIST_KEY_UILaunchStoryboardName = LaunchScreen;
				INFOPLIST_KEY_UIMainStoryboardFile = Main;
				INFOPLIST_KEY_UISupportedInterfaceOrientations_iPad = "UIInterfaceOrientationPortrait UIInterfaceOrientationPortraitUpsideDown UIInterfaceOrientationLandscapeLeft UIInterfaceOrientationLandscapeRight";
				INFOPLIST_KEY_UISupportedInterfaceOrientations_iPhone = "UIInterfaceOrientationPortrait UIInterfaceOrientationLandscapeLeft UIInterfaceOrientationLandscapeRight";
				LD_RUNPATH_SEARCH_PATHS = (
					"$(inherited)",
					"@executable_path/Frameworks",
				);
				MARKETING_VERSION = 1.0;
				PRODUCT_BUNDLE_IDENTIFIER = nwms.DisplayApp;
				PRODUCT_NAME = "$(TARGET_NAME)";
				SWIFT_EMIT_LOC_STRINGS = YES;
				SWIFT_VERSION = 5.0;
				TARGETED_DEVICE_FAMILY = "1,2";
			};
			name = Debug;
		};
		5656037127B57D4200B8029A /* Release */ = {
			isa = XCBuildConfiguration;
			buildSettings = {
				ASSETCATALOG_COMPILER_APPICON_NAME = AppIcon;
				ASSETCATALOG_COMPILER_GLOBAL_ACCENT_COLOR_NAME = AccentColor;
				CODE_SIGN_STYLE = Automatic;
				CURRENT_PROJECT_VERSION = 1;
				GENERATE_INFOPLIST_FILE = YES;
				INFOPLIST_FILE = DisplayApp/Info.plist;
				INFOPLIST_KEY_UIApplicationSupportsIndirectInputEvents = YES;
				INFOPLIST_KEY_UILaunchStoryboardName = LaunchScreen;
				INFOPLIST_KEY_UIMainStoryboardFile = Main;
				INFOPLIST_KEY_UISupportedInterfaceOrientations_iPad = "UIInterfaceOrientationPortrait UIInterfaceOrientationPortraitUpsideDown UIInterfaceOrientationLandscapeLeft UIInterfaceOrientationLandscapeRight";
				INFOPLIST_KEY_UISupportedInterfaceOrientations_iPhone = "UIInterfaceOrientationPortrait UIInterfaceOrientationLandscapeLeft UIInterfaceOrientationLandscapeRight";
				LD_RUNPATH_SEARCH_PATHS = (
					"$(inherited)",
					"@executable_path/Frameworks",
				);
				MARKETING_VERSION = 1.0;
				PRODUCT_BUNDLE_IDENTIFIER = nwms.DisplayApp;
				PRODUCT_NAME = "$(TARGET_NAME)";
				SWIFT_EMIT_LOC_STRINGS = YES;
				SWIFT_VERSION = 5.0;
				TARGETED_DEVICE_FAMILY = "1,2";
			};
			name = Release;
		};
		5656037327B57D4200B8029A /* Debug */ = {
			isa = XCBuildConfiguration;
			buildSettings = {
				ALWAYS_EMBED_SWIFT_STANDARD_LIBRARIES = YES;
				BUNDLE_LOADER = "$(TEST_HOST)";
				CODE_SIGN_STYLE = Automatic;
				CURRENT_PROJECT_VERSION = 1;
				GENERATE_INFOPLIST_FILE = YES;
				IPHONEOS_DEPLOYMENT_TARGET = 15.2;
				MARKETING_VERSION = 1.0;
				PRODUCT_BUNDLE_IDENTIFIER = nwms.DisplayAppTests;
				PRODUCT_NAME = "$(TARGET_NAME)";
				SWIFT_EMIT_LOC_STRINGS = NO;
				SWIFT_VERSION = 5.0;
				TARGETED_DEVICE_FAMILY = "1,2";
				TEST_HOST = "$(BUILT_PRODUCTS_DIR)/DisplayApp.app/DisplayApp";
			};
			name = Debug;
		};
		5656037427B57D4200B8029A /* Release */ = {
			isa = XCBuildConfiguration;
			buildSettings = {
				ALWAYS_EMBED_SWIFT_STANDARD_LIBRARIES = YES;
				BUNDLE_LOADER = "$(TEST_HOST)";
				CODE_SIGN_STYLE = Automatic;
				CURRENT_PROJECT_VERSION = 1;
				GENERATE_INFOPLIST_FILE = YES;
				IPHONEOS_DEPLOYMENT_TARGET = 15.2;
				MARKETING_VERSION = 1.0;
				PRODUCT_BUNDLE_IDENTIFIER = nwms.DisplayAppTests;
				PRODUCT_NAME = "$(TARGET_NAME)";
				SWIFT_EMIT_LOC_STRINGS = NO;
				SWIFT_VERSION = 5.0;
				TARGETED_DEVICE_FAMILY = "1,2";
				TEST_HOST = "$(BUILT_PRODUCTS_DIR)/DisplayApp.app/DisplayApp";
			};
			name = Release;
		};
		5656037627B57D4200B8029A /* Debug */ = {
			isa = XCBuildConfiguration;
			buildSettings = {
				ALWAYS_EMBED_SWIFT_STANDARD_LIBRARIES = YES;
				CODE_SIGN_STYLE = Automatic;
				CURRENT_PROJECT_VERSION = 1;
				GENERATE_INFOPLIST_FILE = YES;
				MARKETING_VERSION = 1.0;
				PRODUCT_BUNDLE_IDENTIFIER = nwms.DisplayAppUITests;
				PRODUCT_NAME = "$(TARGET_NAME)";
				SWIFT_EMIT_LOC_STRINGS = NO;
				SWIFT_VERSION = 5.0;
				TARGETED_DEVICE_FAMILY = "1,2";
				TEST_TARGET_NAME = DisplayApp;
			};
			name = Debug;
		};
		5656037727B57D4200B8029A /* Release */ = {
			isa = XCBuildConfiguration;
			buildSettings = {
				ALWAYS_EMBED_SWIFT_STANDARD_LIBRARIES = YES;
				CODE_SIGN_STYLE = Automatic;
				CURRENT_PROJECT_VERSION = 1;
				GENERATE_INFOPLIST_FILE = YES;
				MARKETING_VERSION = 1.0;
				PRODUCT_BUNDLE_IDENTIFIER = nwms.DisplayAppUITests;
				PRODUCT_NAME = "$(TARGET_NAME)";
				SWIFT_EMIT_LOC_STRINGS = NO;
				SWIFT_VERSION = 5.0;
				TARGETED_DEVICE_FAMILY = "1,2";
				TEST_TARGET_NAME = DisplayApp;
			};
			name = Release;
		};
/* End XCBuildConfiguration section */

/* Begin XCConfigurationList section */
		5656034027B57D4000B8029A /* Build configuration list for PBXProject "DisplayApp" */ = {
			isa = XCConfigurationList;
			buildConfigurations = (
				5656036D27B57D4200B8029A /* Debug */,
				5656036E27B57D4200B8029A /* Release */,
			);
			defaultConfigurationIsVisible = 0;
			defaultConfigurationName = Release;
		};
		5656036F27B57D4200B8029A /* Build configuration list for PBXNativeTarget "DisplayApp" */ = {
			isa = XCConfigurationList;
			buildConfigurations = (
				5656037027B57D4200B8029A /* Debug */,
				5656037127B57D4200B8029A /* Release */,
			);
			defaultConfigurationIsVisible = 0;
			defaultConfigurationName = Release;
		};
		5656037227B57D4200B8029A /* Build configuration list for PBXNativeTarget "DisplayAppTests" */ = {
			isa = XCConfigurationList;
			buildConfigurations = (
				5656037327B57D4200B8029A /* Debug */,
				5656037427B57D4200B8029A /* Release */,
			);
			defaultConfigurationIsVisible = 0;
			defaultConfigurationName = Release;
		};
		5656037527B57D4200B8029A /* Build configuration list for PBXNativeTarget "DisplayAppUITests" */ = {
			isa = XCConfigurationList;
			buildConfigurations = (
				5656037627B57D4200B8029A /* Debug */,
				5656037727B57D4200B8029A /* Release */,
			);
			defaultConfigurationIsVisible = 0;
			defaultConfigurationName = Release;
		};
/* End XCConfigurationList section */
	};
	rootObject = 5656033D27B57D4000B8029A /* Project object */;
}
